{
  "requires": true,
  "lockfileVersion": 1,
  "dependencies": {
    "cordova-plugin-inappbrowser": {
      "version": "3.0.0",
      "resolved": "https://registry.npmjs.org/cordova-plugin-inappbrowser/-/cordova-plugin-inappbrowser-3.0.0.tgz",
      "integrity": "sha1-1K4A02Z2IQdRBXrSWK5K1KkWGto="
    },
    "cordova-plugin-network-information": {
      "version": "2.0.1",
      "resolved": "https://registry.npmjs.org/cordova-plugin-network-information/-/cordova-plugin-network-information-2.0.1.tgz",
      "integrity": "sha1-6QQh9DDGq3bUCSI/Jfzvu7zhdpA="
    }
  }
}
